
Microsoft Visual Studio Solution File, Format Version 12.00
# Visual Studio 15
VisualStudioVersion = 15.0.28307.1401
MinimumVisualStudioVersion = 10.0.40219.1
Project("{2150E333-8FDC-42A3-9474-1A3956D46DE8}") = "sort", "sort", "{CE3F942F-48B3-4BA8-B1B9-BB6CA873CC59}"
EndProject
Project("{2150E333-8FDC-42A3-9474-1A3956D46DE8}") = "algorithm", "algorithm", "{74F82499-FB48-4812-82D5-BB71A17FBEA6}"
EndProject
Project("{8BC9CEB8-8B4A-11D0-8D11-00A0C91BC942}") = "hanoi", "hanoi\hanoi.vcxproj", "{C3D27DA3-5D91-4C68-BB05-1FE72BCDF97A}"
EndProject
Global
	GlobalSection(SolutionConfigurationPlatforms) = preSolution
		Debug|x64 = Debug|x64
		Debug|x86 = Debug|x86
		Release|x64 = Release|x64
		Release|x86 = Release|x86
	EndGlobalSection
	GlobalSection(ProjectConfigurationPlatforms) = postSolution
		{C3D27DA3-5D91-4C68-BB05-1FE72BCDF97A}.Debug|x64.ActiveCfg = Debug|x64
		{C3D27DA3-5D91-4C68-BB05-1FE72BCDF97A}.Debug|x64.Build.0 = Debug|x64
		{C3D27DA3-5D91-4C68-BB05-1FE72BCDF97A}.Debug|x86.ActiveCfg = Debug|Win32
		{C3D27DA3-5D91-4C68-BB05-1FE72BCDF97A}.Debug|x86.Build.0 = Debug|Win32
		{C3D27DA3-5D91-4C68-BB05-1FE72BCDF97A}.Release|x64.ActiveCfg = Release|x64
		{C3D27DA3-5D91-4C68-BB05-1FE72BCDF97A}.Release|x64.Build.0 = Release|x64
		{C3D27DA3-5D91-4C68-BB05-1FE72BCDF97A}.Release|x86.ActiveCfg = Release|Win32
		{C3D27DA3-5D91-4C68-BB05-1FE72BCDF97A}.Release|x86.Build.0 = Release|Win32
	EndGlobalSection
	GlobalSection(SolutionProperties) = preSolution
		HideSolutionNode = FALSE
	EndGlobalSection
	GlobalSection(NestedProjects) = preSolution
		{C3D27DA3-5D91-4C68-BB05-1FE72BCDF97A} = {74F82499-FB48-4812-82D5-BB71A17FBEA6}
	EndGlobalSection
	GlobalSection(ExtensibilityGlobals) = postSolution
		SolutionGuid = {624E7182-DECB-430B-A91C-D1D01BAE4F3B}
	EndGlobalSection
EndGlobal
