
Microsoft Visual Studio Solution File, Format Version 12.00
# Visual Studio 15
VisualStudioVersion = 15.0.28307.1401
MinimumVisualStudioVersion = 10.0.40219.1
Project("{2150E333-8FDC-42A3-9474-1A3956D46DE8}") = "sort", "sort", "{CE3F942F-48B3-4BA8-B1B9-BB6CA873CC59}"
EndProject
Project("{2150E333-8FDC-42A3-9474-1A3956D46DE8}") = "algorithm", "algorithm", "{74F82499-FB48-4812-82D5-BB71A17FBEA6}"
EndProject
Project("{8BC9CEB8-8B4A-11D0-8D11-00A0C91BC942}") = "hanoi", "hanoi\hanoi.vcxproj", "{C3D27DA3-5D91-4C68-BB05-1FE72BCDF97A}"
EndProject
Project("{8BC9CEB8-8B4A-11D0-8D11-00A0C91BC942}") = "findMaxString", "findMaxString\findMaxString.vcxproj", "{898B0CD8-69FC-4479-AEAE-B70C29F802AB}"
EndProject
Project("{8BC9CEB8-8B4A-11D0-8D11-00A0C91BC942}") = "test", "test\test.vcxproj", "{573733B7-B2C9-4DBD-9FA7-77805432C5B2}"
EndProject
Project("{8BC9CEB8-8B4A-11D0-8D11-00A0C91BC942}") = "wordReverse", "wordReverse\wordReverse.vcxproj", "{65FECD61-D769-4E80-8487-49378D3DC378}"
EndProject
Project("{2150E333-8FDC-42A3-9474-1A3956D46DE8}") = "structure", "structure", "{0F4B7E06-DE89-4756-9144-9F560C1B1598}"
EndProject
Project("{8BC9CEB8-8B4A-11D0-8D11-00A0C91BC942}") = "LinkedList", "LinkedList\LinkedList.vcxproj", "{0CC9DCAA-F142-4185-9F65-C916116121CD}"
EndProject
Project("{8BC9CEB8-8B4A-11D0-8D11-00A0C91BC942}") = "countChar", "countChar\countChar.vcxproj", "{E53F9F42-AD53-4587-A8BE-8E43BEE1A898}"
EndProject
Project("{8BC9CEB8-8B4A-11D0-8D11-00A0C91BC942}") = "moveXY", "moveXY\moveXY.vcxproj", "{0076578B-3851-4CAC-B643-D7C3B4A5B50F}"
EndProject
Project("{8BC9CEB8-8B4A-11D0-8D11-00A0C91BC942}") = "stack", "stack\stack.vcxproj", "{3038C6F4-E1B5-4492-B3E4-66422E2439A9}"
EndProject
Global
	GlobalSection(SolutionConfigurationPlatforms) = preSolution
		Debug|Any CPU = Debug|Any CPU
		Debug|x64 = Debug|x64
		Debug|x86 = Debug|x86
		Release|Any CPU = Release|Any CPU
		Release|x64 = Release|x64
		Release|x86 = Release|x86
	EndGlobalSection
	GlobalSection(ProjectConfigurationPlatforms) = postSolution
		{C3D27DA3-5D91-4C68-BB05-1FE72BCDF97A}.Debug|Any CPU.ActiveCfg = Debug|Win32
		{C3D27DA3-5D91-4C68-BB05-1FE72BCDF97A}.Debug|x64.ActiveCfg = Debug|x64
		{C3D27DA3-5D91-4C68-BB05-1FE72BCDF97A}.Debug|x64.Build.0 = Debug|x64
		{C3D27DA3-5D91-4C68-BB05-1FE72BCDF97A}.Debug|x86.ActiveCfg = Debug|Win32
		{C3D27DA3-5D91-4C68-BB05-1FE72BCDF97A}.Debug|x86.Build.0 = Debug|Win32
		{C3D27DA3-5D91-4C68-BB05-1FE72BCDF97A}.Release|Any CPU.ActiveCfg = Release|Win32
		{C3D27DA3-5D91-4C68-BB05-1FE72BCDF97A}.Release|x64.ActiveCfg = Release|x64
		{C3D27DA3-5D91-4C68-BB05-1FE72BCDF97A}.Release|x64.Build.0 = Release|x64
		{C3D27DA3-5D91-4C68-BB05-1FE72BCDF97A}.Release|x86.ActiveCfg = Release|Win32
		{C3D27DA3-5D91-4C68-BB05-1FE72BCDF97A}.Release|x86.Build.0 = Release|Win32
		{898B0CD8-69FC-4479-AEAE-B70C29F802AB}.Debug|Any CPU.ActiveCfg = Debug|Win32
		{898B0CD8-69FC-4479-AEAE-B70C29F802AB}.Debug|x64.ActiveCfg = Debug|x64
		{898B0CD8-69FC-4479-AEAE-B70C29F802AB}.Debug|x64.Build.0 = Debug|x64
		{898B0CD8-69FC-4479-AEAE-B70C29F802AB}.Debug|x86.ActiveCfg = Debug|Win32
		{898B0CD8-69FC-4479-AEAE-B70C29F802AB}.Debug|x86.Build.0 = Debug|Win32
		{898B0CD8-69FC-4479-AEAE-B70C29F802AB}.Release|Any CPU.ActiveCfg = Release|Win32
		{898B0CD8-69FC-4479-AEAE-B70C29F802AB}.Release|x64.ActiveCfg = Release|x64
		{898B0CD8-69FC-4479-AEAE-B70C29F802AB}.Release|x64.Build.0 = Release|x64
		{898B0CD8-69FC-4479-AEAE-B70C29F802AB}.Release|x86.ActiveCfg = Release|Win32
		{898B0CD8-69FC-4479-AEAE-B70C29F802AB}.Release|x86.Build.0 = Release|Win32
		{573733B7-B2C9-4DBD-9FA7-77805432C5B2}.Debug|Any CPU.ActiveCfg = Debug|Win32
		{573733B7-B2C9-4DBD-9FA7-77805432C5B2}.Debug|x64.ActiveCfg = Debug|x64
		{573733B7-B2C9-4DBD-9FA7-77805432C5B2}.Debug|x64.Build.0 = Debug|x64
		{573733B7-B2C9-4DBD-9FA7-77805432C5B2}.Debug|x86.ActiveCfg = Debug|Win32
		{573733B7-B2C9-4DBD-9FA7-77805432C5B2}.Debug|x86.Build.0 = Debug|Win32
		{573733B7-B2C9-4DBD-9FA7-77805432C5B2}.Release|Any CPU.ActiveCfg = Release|Win32
		{573733B7-B2C9-4DBD-9FA7-77805432C5B2}.Release|x64.ActiveCfg = Release|x64
		{573733B7-B2C9-4DBD-9FA7-77805432C5B2}.Release|x64.Build.0 = Release|x64
		{573733B7-B2C9-4DBD-9FA7-77805432C5B2}.Release|x86.ActiveCfg = Release|Win32
		{573733B7-B2C9-4DBD-9FA7-77805432C5B2}.Release|x86.Build.0 = Release|Win32
		{65FECD61-D769-4E80-8487-49378D3DC378}.Debug|Any CPU.ActiveCfg = Debug|Win32
		{65FECD61-D769-4E80-8487-49378D3DC378}.Debug|x64.ActiveCfg = Debug|x64
		{65FECD61-D769-4E80-8487-49378D3DC378}.Debug|x64.Build.0 = Debug|x64
		{65FECD61-D769-4E80-8487-49378D3DC378}.Debug|x86.ActiveCfg = Debug|Win32
		{65FECD61-D769-4E80-8487-49378D3DC378}.Debug|x86.Build.0 = Debug|Win32
		{65FECD61-D769-4E80-8487-49378D3DC378}.Release|Any CPU.ActiveCfg = Release|Win32
		{65FECD61-D769-4E80-8487-49378D3DC378}.Release|x64.ActiveCfg = Release|x64
		{65FECD61-D769-4E80-8487-49378D3DC378}.Release|x64.Build.0 = Release|x64
		{65FECD61-D769-4E80-8487-49378D3DC378}.Release|x86.ActiveCfg = Release|Win32
		{65FECD61-D769-4E80-8487-49378D3DC378}.Release|x86.Build.0 = Release|Win32
		{0CC9DCAA-F142-4185-9F65-C916116121CD}.Debug|Any CPU.ActiveCfg = Debug|Win32
		{0CC9DCAA-F142-4185-9F65-C916116121CD}.Debug|x64.ActiveCfg = Debug|x64
		{0CC9DCAA-F142-4185-9F65-C916116121CD}.Debug|x64.Build.0 = Debug|x64
		{0CC9DCAA-F142-4185-9F65-C916116121CD}.Debug|x86.ActiveCfg = Debug|Win32
		{0CC9DCAA-F142-4185-9F65-C916116121CD}.Debug|x86.Build.0 = Debug|Win32
		{0CC9DCAA-F142-4185-9F65-C916116121CD}.Release|Any CPU.ActiveCfg = Release|Win32
		{0CC9DCAA-F142-4185-9F65-C916116121CD}.Release|x64.ActiveCfg = Release|x64
		{0CC9DCAA-F142-4185-9F65-C916116121CD}.Release|x64.Build.0 = Release|x64
		{0CC9DCAA-F142-4185-9F65-C916116121CD}.Release|x86.ActiveCfg = Release|Win32
		{0CC9DCAA-F142-4185-9F65-C916116121CD}.Release|x86.Build.0 = Release|Win32
		{E53F9F42-AD53-4587-A8BE-8E43BEE1A898}.Debug|Any CPU.ActiveCfg = Debug|Win32
		{E53F9F42-AD53-4587-A8BE-8E43BEE1A898}.Debug|x64.ActiveCfg = Debug|x64
		{E53F9F42-AD53-4587-A8BE-8E43BEE1A898}.Debug|x64.Build.0 = Debug|x64
		{E53F9F42-AD53-4587-A8BE-8E43BEE1A898}.Debug|x86.ActiveCfg = Debug|Win32
		{E53F9F42-AD53-4587-A8BE-8E43BEE1A898}.Debug|x86.Build.0 = Debug|Win32
		{E53F9F42-AD53-4587-A8BE-8E43BEE1A898}.Release|Any CPU.ActiveCfg = Release|Win32
		{E53F9F42-AD53-4587-A8BE-8E43BEE1A898}.Release|x64.ActiveCfg = Release|x64
		{E53F9F42-AD53-4587-A8BE-8E43BEE1A898}.Release|x64.Build.0 = Release|x64
		{E53F9F42-AD53-4587-A8BE-8E43BEE1A898}.Release|x86.ActiveCfg = Release|Win32
		{E53F9F42-AD53-4587-A8BE-8E43BEE1A898}.Release|x86.Build.0 = Release|Win32
		{0076578B-3851-4CAC-B643-D7C3B4A5B50F}.Debug|Any CPU.ActiveCfg = Debug|Win32
		{0076578B-3851-4CAC-B643-D7C3B4A5B50F}.Debug|x64.ActiveCfg = Debug|x64
		{0076578B-3851-4CAC-B643-D7C3B4A5B50F}.Debug|x64.Build.0 = Debug|x64
		{0076578B-3851-4CAC-B643-D7C3B4A5B50F}.Debug|x86.ActiveCfg = Debug|Win32
		{0076578B-3851-4CAC-B643-D7C3B4A5B50F}.Debug|x86.Build.0 = Debug|Win32
		{0076578B-3851-4CAC-B643-D7C3B4A5B50F}.Release|Any CPU.ActiveCfg = Release|Win32
		{0076578B-3851-4CAC-B643-D7C3B4A5B50F}.Release|x64.ActiveCfg = Release|x64
		{0076578B-3851-4CAC-B643-D7C3B4A5B50F}.Release|x64.Build.0 = Release|x64
		{0076578B-3851-4CAC-B643-D7C3B4A5B50F}.Release|x86.ActiveCfg = Release|Win32
		{0076578B-3851-4CAC-B643-D7C3B4A5B50F}.Release|x86.Build.0 = Release|Win32
		{3038C6F4-E1B5-4492-B3E4-66422E2439A9}.Debug|Any CPU.ActiveCfg = Debug|Win32
		{3038C6F4-E1B5-4492-B3E4-66422E2439A9}.Debug|x64.ActiveCfg = Debug|x64
		{3038C6F4-E1B5-4492-B3E4-66422E2439A9}.Debug|x64.Build.0 = Debug|x64
		{3038C6F4-E1B5-4492-B3E4-66422E2439A9}.Debug|x86.ActiveCfg = Debug|Win32
		{3038C6F4-E1B5-4492-B3E4-66422E2439A9}.Debug|x86.Build.0 = Debug|Win32
		{3038C6F4-E1B5-4492-B3E4-66422E2439A9}.Release|Any CPU.ActiveCfg = Release|Win32
		{3038C6F4-E1B5-4492-B3E4-66422E2439A9}.Release|x64.ActiveCfg = Release|x64
		{3038C6F4-E1B5-4492-B3E4-66422E2439A9}.Release|x64.Build.0 = Release|x64
		{3038C6F4-E1B5-4492-B3E4-66422E2439A9}.Release|x86.ActiveCfg = Release|Win32
		{3038C6F4-E1B5-4492-B3E4-66422E2439A9}.Release|x86.Build.0 = Release|Win32
	EndGlobalSection
	GlobalSection(SolutionProperties) = preSolution
		HideSolutionNode = FALSE
	EndGlobalSection
	GlobalSection(NestedProjects) = preSolution
		{C3D27DA3-5D91-4C68-BB05-1FE72BCDF97A} = {74F82499-FB48-4812-82D5-BB71A17FBEA6}
		{898B0CD8-69FC-4479-AEAE-B70C29F802AB} = {74F82499-FB48-4812-82D5-BB71A17FBEA6}
		{65FECD61-D769-4E80-8487-49378D3DC378} = {74F82499-FB48-4812-82D5-BB71A17FBEA6}
		{0CC9DCAA-F142-4185-9F65-C916116121CD} = {74F82499-FB48-4812-82D5-BB71A17FBEA6}
		{E53F9F42-AD53-4587-A8BE-8E43BEE1A898} = {74F82499-FB48-4812-82D5-BB71A17FBEA6}
		{0076578B-3851-4CAC-B643-D7C3B4A5B50F} = {74F82499-FB48-4812-82D5-BB71A17FBEA6}
		{3038C6F4-E1B5-4492-B3E4-66422E2439A9} = {0F4B7E06-DE89-4756-9144-9F560C1B1598}
	EndGlobalSection
	GlobalSection(ExtensibilityGlobals) = postSolution
		SolutionGuid = {624E7182-DECB-430B-A91C-D1D01BAE4F3B}
	EndGlobalSection
EndGlobal
